<?xml version="1.0" encoding="utf-8"?>
<Project ToolsVersion="4.0" xmlns="http://schemas.microsoft.com/developer/msbuild/2003">
  <ItemGroup>
    <Filter Include="Header Files">
      <UniqueIdentifier>{93995380-89BD-4b04-88EB-625FBE52EBFB}</UniqueIdentifier>
      <Extensions>h;hh;hpp;hxx;h++;hm;inl;inc;ipp;xsd</Extensions>
    </Filter>
    <Filter Include="Scene">
      <UniqueIdentifier>{f257f0ea-4a2a-41d6-bd79-466f96f3667d}</UniqueIdentifier>
    </Filter>
  </ItemGroup>
  <ItemGroup>
    <ClCompile Include="main.cpp">
      <Filter>Scene</Filter>
    </ClCompile>
    <ClCompile Include="walls.cpp">
      <Filter>Scene</Filter>
    </ClCompile>
    <ClCompile Include="camera.cpp">
      <Filter>Scene</Filter>
    </ClCompile>
    <ClCompile Include="objects.cpp">
      <Filter>Scene</Filter>
    </ClCompile>
    <ClCompile Include="floor.cpp">
      <Filter>Scene</Filter>
    </ClCompile>
    <ClCompile Include="utils.cpp">
      <Filter>Scene</Filter>
    </ClCompile>
    <ClCompile Include="stb_image.cpp">
      <Filter>Scene</Filter>
    </ClCompile>
  </ItemGroup>
  <ItemGroup>
    <ClInclude Include="objects.h">
      <Filter>Scene</Filter>
    </ClInclude>
    <ClInclude Include="walls.h">
      <Filter>Scene</Filter>
    </ClInclude>
    <ClInclude Include="camera.h">
      <Filter>Scene</Filter>
    </ClInclude>
    <ClInclude Include="stb_image.h">
      <Filter>Scene</Filter>
    </ClInclude>
    <ClInclude Include="floor.h">
      <Filter>Scene</Filter>
    </ClInclude>
  </ItemGroup>
</Project>